
Microsoft Visual Studio Solution File, Format Version 12.00
# Visual Studio 14
VisualStudioVersion = 14.0.24720.0
MinimumVisualStudioVersion = 10.0.40219.1
Project("{FAE04EC0-301F-11D3-BF4B-00C04F79EFBC}") = "RenumberConsole", "Renumber\RenumberConsole.csproj", "{D9469632-FDDB-48A7-976B-B7AD96E4367B}"
EndProject
Project("{FAE04EC0-301F-11D3-BF4B-00C04F79EFBC}") = "RenumberUWP", "RenumberUWP\RenumberUWP.csproj", "{E8374120-EE47-4273-9178-672ED20C3C05}"
EndProject
Project("{FAE04EC0-301F-11D3-BF4B-00C04F79EFBC}") = "RenumberLogic", "RenumberLogic\RenumberLogic.csproj", "{989AAE9C-AF4C-4976-8325-F70ADB5E5FC2}"
EndProject
Global
	GlobalSection(SolutionConfigurationPlatforms) = preSolution
		Debug|Any CPU = Debug|Any CPU
		Debug|ARM = Debug|ARM
		Debug|x64 = Debug|x64
		Debug|x86 = Debug|x86
		Release|Any CPU = Release|Any CPU
		Release|ARM = Release|ARM
		Release|x64 = Release|x64
		Release|x86 = Release|x86
	EndGlobalSection
	GlobalSection(ProjectConfigurationPlatforms) = postSolution
		{D9469632-FDDB-48A7-976B-B7AD96E4367B}.Debug|Any CPU.ActiveCfg = Debug|Any CPU
		{D9469632-FDDB-48A7-976B-B7AD96E4367B}.Debug|Any CPU.Build.0 = Debug|Any CPU
		{D9469632-FDDB-48A7-976B-B7AD96E4367B}.Debug|ARM.ActiveCfg = Debug|Any CPU
		{D9469632-FDDB-48A7-976B-B7AD96E4367B}.Debug|ARM.Build.0 = Debug|Any CPU
		{D9469632-FDDB-48A7-976B-B7AD96E4367B}.Debug|x64.ActiveCfg = Debug|Any CPU
		{D9469632-FDDB-48A7-976B-B7AD96E4367B}.Debug|x64.Build.0 = Debug|Any CPU
		{D9469632-FDDB-48A7-976B-B7AD96E4367B}.Debug|x86.ActiveCfg = Debug|Any CPU
		{D9469632-FDDB-48A7-976B-B7AD96E4367B}.Debug|x86.Build.0 = Debug|Any CPU
		{D9469632-FDDB-48A7-976B-B7AD96E4367B}.Release|Any CPU.ActiveCfg = Release|Any CPU
		{D9469632-FDDB-48A7-976B-B7AD96E4367B}.Release|Any CPU.Build.0 = Release|Any CPU
		{D9469632-FDDB-48A7-976B-B7AD96E4367B}.Release|ARM.ActiveCfg = Release|Any CPU
		{D9469632-FDDB-48A7-976B-B7AD96E4367B}.Release|ARM.Build.0 = Release|Any CPU
		{D9469632-FDDB-48A7-976B-B7AD96E4367B}.Release|x64.ActiveCfg = Release|Any CPU
		{D9469632-FDDB-48A7-976B-B7AD96E4367B}.Release|x64.Build.0 = Release|Any CPU
		{D9469632-FDDB-48A7-976B-B7AD96E4367B}.Release|x86.ActiveCfg = Release|Any CPU
		{D9469632-FDDB-48A7-976B-B7AD96E4367B}.Release|x86.Build.0 = Release|Any CPU
		{E8374120-EE47-4273-9178-672ED20C3C05}.Debug|Any CPU.ActiveCfg = Debug|x86
		{E8374120-EE47-4273-9178-672ED20C3C05}.Debug|Any CPU.Deploy.0 = Debug|x86
		{E8374120-EE47-4273-9178-672ED20C3C05}.Debug|ARM.ActiveCfg = Debug|ARM
		{E8374120-EE47-4273-9178-672ED20C3C05}.Debug|ARM.Build.0 = Debug|ARM
		{E8374120-EE47-4273-9178-672ED20C3C05}.Debug|ARM.Deploy.0 = Debug|ARM
		{E8374120-EE47-4273-9178-672ED20C3C05}.Debug|x64.ActiveCfg = Debug|x64
		{E8374120-EE47-4273-9178-672ED20C3C05}.Debug|x64.Build.0 = Debug|x64
		{E8374120-EE47-4273-9178-672ED20C3C05}.Debug|x64.Deploy.0 = Debug|x64
		{E8374120-EE47-4273-9178-672ED20C3C05}.Debug|x86.ActiveCfg = Debug|x86
		{E8374120-EE47-4273-9178-672ED20C3C05}.Debug|x86.Build.0 = Debug|x86
		{E8374120-EE47-4273-9178-672ED20C3C05}.Debug|x86.Deploy.0 = Debug|x86
		{E8374120-EE47-4273-9178-672ED20C3C05}.Release|Any CPU.ActiveCfg = Release|x86
		{E8374120-EE47-4273-9178-672ED20C3C05}.Release|ARM.ActiveCfg = Release|ARM
		{E8374120-EE47-4273-9178-672ED20C3C05}.Release|ARM.Build.0 = Release|ARM
		{E8374120-EE47-4273-9178-672ED20C3C05}.Release|ARM.Deploy.0 = Release|ARM
		{E8374120-EE47-4273-9178-672ED20C3C05}.Release|x64.ActiveCfg = Release|x64
		{E8374120-EE47-4273-9178-672ED20C3C05}.Release|x64.Build.0 = Release|x64
		{E8374120-EE47-4273-9178-672ED20C3C05}.Release|x64.Deploy.0 = Release|x64
		{E8374120-EE47-4273-9178-672ED20C3C05}.Release|x86.ActiveCfg = Release|x86
		{E8374120-EE47-4273-9178-672ED20C3C05}.Release|x86.Build.0 = Release|x86
		{E8374120-EE47-4273-9178-672ED20C3C05}.Release|x86.Deploy.0 = Release|x86
		{989AAE9C-AF4C-4976-8325-F70ADB5E5FC2}.Debug|Any CPU.ActiveCfg = Debug|Any CPU
		{989AAE9C-AF4C-4976-8325-F70ADB5E5FC2}.Debug|Any CPU.Build.0 = Debug|Any CPU
		{989AAE9C-AF4C-4976-8325-F70ADB5E5FC2}.Debug|ARM.ActiveCfg = Debug|Any CPU
		{989AAE9C-AF4C-4976-8325-F70ADB5E5FC2}.Debug|ARM.Build.0 = Debug|Any CPU
		{989AAE9C-AF4C-4976-8325-F70ADB5E5FC2}.Debug|x64.ActiveCfg = Debug|Any CPU
		{989AAE9C-AF4C-4976-8325-F70ADB5E5FC2}.Debug|x64.Build.0 = Debug|Any CPU
		{989AAE9C-AF4C-4976-8325-F70ADB5E5FC2}.Debug|x86.ActiveCfg = Debug|Any CPU
		{989AAE9C-AF4C-4976-8325-F70ADB5E5FC2}.Debug|x86.Build.0 = Debug|Any CPU
		{989AAE9C-AF4C-4976-8325-F70ADB5E5FC2}.Release|Any CPU.ActiveCfg = Release|Any CPU
		{989AAE9C-AF4C-4976-8325-F70ADB5E5FC2}.Release|Any CPU.Build.0 = Release|Any CPU
		{989AAE9C-AF4C-4976-8325-F70ADB5E5FC2}.Release|ARM.ActiveCfg = Release|Any CPU
		{989AAE9C-AF4C-4976-8325-F70ADB5E5FC2}.Release|ARM.Build.0 = Release|Any CPU
		{989AAE9C-AF4C-4976-8325-F70ADB5E5FC2}.Release|x64.ActiveCfg = Release|Any CPU
		{989AAE9C-AF4C-4976-8325-F70ADB5E5FC2}.Release|x64.Build.0 = Release|Any CPU
		{989AAE9C-AF4C-4976-8325-F70ADB5E5FC2}.Release|x86.ActiveCfg = Release|Any CPU
		{989AAE9C-AF4C-4976-8325-F70ADB5E5FC2}.Release|x86.Build.0 = Release|Any CPU
	EndGlobalSection
	GlobalSection(SolutionProperties) = preSolution
		HideSolutionNode = FALSE
	EndGlobalSection
EndGlobal
